
Microsoft Visual Studio Solution File, Format Version 12.00
# Visual Studio Version 17
VisualStudioVersion = 17.8.34316.72
MinimumVisualStudioVersion = 10.0.40219.1
Project("{FAE04EC0-301F-11D3-BF4B-00C04F79EFBC}") = "ferda", "ferda.csproj", "{A9EA2363-E971-4D18-B54C-81F9108D93D4}"
EndProject
Global
	GlobalSection(SolutionConfigurationPlatforms) = preSolution
		Debug|Any CPU = Debug|Any CPU
		Release|Any CPU = Release|Any CPU
	EndGlobalSection
	GlobalSection(ProjectConfigurationPlatforms) = postSolution
		{A9EA2363-E971-4D18-B54C-81F9108D93D4}.Debug|Any CPU.ActiveCfg = Debug|Any CPU
		{A9EA2363-E971-4D18-B54C-81F9108D93D4}.Debug|Any CPU.Build.0 = Debug|Any CPU
		{A9EA2363-E971-4D18-B54C-81F9108D93D4}.Release|Any CPU.ActiveCfg = Release|Any CPU
		{A9EA2363-E971-4D18-B54C-81F9108D93D4}.Release|Any CPU.Build.0 = Release|Any CPU
	EndGlobalSection
	GlobalSection(SolutionProperties) = preSolution
		HideSolutionNode = FALSE
	EndGlobalSection
	GlobalSection(ExtensibilityGlobals) = postSolution
		SolutionGuid = {B88E3BE2-8FBC-4382-BA0A-6558BFBC135B}
	EndGlobalSection
EndGlobal
